
Microsoft Visual Studio Solution File, Format Version 12.00
# Visual Studio 2013
VisualStudioVersion = 12.0.30723.0
MinimumVisualStudioVersion = 10.0.40219.1
Project("{E24C65DC-7377-472B-9ABA-BC803B73C61A}") = "WBA1 Projekt", "http://localhost:2166", "{32C87AAA-6EFD-4976-B992-A275A9F57199}"
	ProjectSection(WebsiteProperties) = preProject
		UseIISExpress = "true"
		TargetFrameworkMoniker = ".NETFramework,Version%3Dv4.5"
		Debug.AspNetCompiler.VirtualPath = "/localhost_2166"
		Debug.AspNetCompiler.PhysicalPath = "..\WBA1 Projekt\"
		Debug.AspNetCompiler.TargetPath = "PrecompiledWeb\localhost_2166\"
		Debug.AspNetCompiler.Updateable = "true"
		Debug.AspNetCompiler.ForceOverwrite = "true"
		Debug.AspNetCompiler.FixedNames = "false"
		Debug.AspNetCompiler.Debug = "True"
		Release.AspNetCompiler.VirtualPath = "/localhost_2166"
		Release.AspNetCompiler.PhysicalPath = "..\WBA1 Projekt\"
		Release.AspNetCompiler.TargetPath = "PrecompiledWeb\localhost_2166\"
		Release.AspNetCompiler.Updateable = "true"
		Release.AspNetCompiler.ForceOverwrite = "true"
		Release.AspNetCompiler.FixedNames = "false"
		Release.AspNetCompiler.Debug = "False"
		SlnRelativePath = "..\WBA1 Projekt\"
	EndProjectSection
EndProject
Global
	GlobalSection(SolutionConfigurationPlatforms) = preSolution
		Debug|Any CPU = Debug|Any CPU
	EndGlobalSection
	GlobalSection(ProjectConfigurationPlatforms) = postSolution
		{32C87AAA-6EFD-4976-B992-A275A9F57199}.Debug|Any CPU.ActiveCfg = Debug|Any CPU
		{32C87AAA-6EFD-4976-B992-A275A9F57199}.Debug|Any CPU.Build.0 = Debug|Any CPU
	EndGlobalSection
	GlobalSection(SolutionProperties) = preSolution
		HideSolutionNode = FALSE
	EndGlobalSection
EndGlobal
